// !$*UTF8*$!
{
	archiveVersion = 1;
	classes = {
	};
	objectVersion = 46;
	objects = {

/* Begin PBXBuildFile section */
		8E45367C1C17BE1F00CE1D01 /* main.m in Sources */ = {isa = PBXBuildFile; fileRef = 8E45367B1C17BE1F00CE1D01 /* main.m */; };
		8E45367F1C17BE1F00CE1D01 /* AppDelegate.m in Sources */ = {isa = PBXBuildFile; fileRef = 8E45367E1C17BE1F00CE1D01 /* AppDelegate.m */; };
		8E4536821C17BE1F00CE1D01 /* TaskList.xcdatamodeld in Sources */ = {isa = PBXBuildFile; fileRef = 8E4536801C17BE1F00CE1D01 /* TaskList.xcdatamodeld */; };
		8E45368A1C17BE1F00CE1D01 /* Images.xcassets in Resources */ = {isa = PBXBuildFile; fileRef = 8E4536891C17BE1F00CE1D01 /* Images.xcassets */; };
		8E4536991C17BE2000CE1D01 /* TaskListTests.m in Sources */ = {isa = PBXBuildFile; fileRef = 8E4536981C17BE2000CE1D01 /* TaskListTests.m */; };
		8E4536A31C17BEAB00CE1D01 /* TDMainStoryboard.storyboard in Resources */ = {isa = PBXBuildFile; fileRef = 8E4536A21C17BEAB00CE1D01 /* TDMainStoryboard.storyboard */; };
/* End PBXBuildFile section */

/* Begin PBXContainerItemProxy section */
		8E4536931C17BE2000CE1D01 /* PBXContainerItemProxy */ = {
			isa = PBXContainerItemProxy;
			containerPortal = 8E45366E1C17BE1F00CE1D01 /* Project object */;
			proxyType = 1;
			remoteGlobalIDString = 8E4536751C17BE1F00CE1D01;
			remoteInfo = TaskList;
		};
/* End PBXContainerItemProxy section */

/* Begin PBXFileReference section */
		8E4536761C17BE1F00CE1D01 /* TaskList.app */ = {isa = PBXFileReference; explicitFileType = wrapper.application; includeInIndex = 0; path = TaskList.app; sourceTree = BUILT_PRODUCTS_DIR; };
		8E45367A1C17BE1F00CE1D01 /* Info.plist */ = {isa = PBXFileReference; lastKnownFileType = text.plist.xml; path = Info.plist; sourceTree = "<group>"; };
		8E45367B1C17BE1F00CE1D01 /* main.m */ = {isa = PBXFileReference; lastKnownFileType = sourcecode.c.objc; path = main.m; sourceTree = "<group>"; };
		8E45367D1C17BE1F00CE1D01 /* AppDelegate.h */ = {isa = PBXFileReference; lastKnownFileType = sourcecode.c.h; path = AppDelegate.h; sourceTree = "<group>"; };
		8E45367E1C17BE1F00CE1D01 /* AppDelegate.m */ = {isa = PBXFileReference; lastKnownFileType = sourcecode.c.objc; path = AppDelegate.m; sourceTree = "<group>"; };
		8E4536811C17BE1F00CE1D01 /* TaskList.xcdatamodel */ = {isa = PBXFileReference; lastKnownFileType = wrapper.xcdatamodel; path = TaskList.xcdatamodel; sourceTree = "<group>"; };
		8E4536891C17BE1F00CE1D01 /* Images.xcassets */ = {isa = PBXFileReference; lastKnownFileType = folder.assetcatalog; path = Images.xcassets; sourceTree = "<group>"; };
		8E4536921C17BE2000CE1D01 /* TaskListTests.xctest */ = {isa = PBXFileReference; explicitFileType = wrapper.cfbundle; includeInIndex = 0; path = TaskListTests.xctest; sourceTree = BUILT_PRODUCTS_DIR; };
		8E4536971C17BE2000CE1D01 /* Info.plist */ = {isa = PBXFileReference; lastKnownFileType = text.plist.xml; path = Info.plist; sourceTree = "<group>"; };
		8E4536981C17BE2000CE1D01 /* TaskListTests.m */ = {isa = PBXFileReference; lastKnownFileType = sourcecode.c.objc; path = TaskListTests.m; sourceTree = "<group>"; };
		8E4536A21C17BEAB00CE1D01 /* TDMainStoryboard.storyboard */ = {isa = PBXFileReference; fileEncoding = 4; lastKnownFileType = file.storyboard; path = TDMainStoryboard.storyboard; sourceTree = "<group>"; };
/* End PBXFileReference section */

/* Begin PBXFrameworksBuildPhase section */
		8E4536731C17BE1F00CE1D01 /* Frameworks */ = {
			isa = PBXFrameworksBuildPhase;
			buildActionMask = 2147483647;
			files = (
			);
			runOnlyForDeploymentPostprocessing = 0;
		};
		8E45368F1C17BE2000CE1D01 /* Frameworks */ = {
			isa = PBXFrameworksBuildPhase;
			buildActionMask = 2147483647;
			files = (
			);
			runOnlyForDeploymentPostprocessing = 0;
		};
/* End PBXFrameworksBuildPhase section */

/* Begin PBXGroup section */
		8E45366D1C17BE1F00CE1D01 = {
			isa = PBXGroup;
			children = (
				8E4536781C17BE1F00CE1D01 /* TaskList */,
				8E4536951C17BE2000CE1D01 /* TaskListTests */,
				8E4536771C17BE1F00CE1D01 /* Products */,
			);
			sourceTree = "<group>";
		};
		8E4536771C17BE1F00CE1D01 /* Products */ = {
			isa = PBXGroup;
			children = (
				8E4536761C17BE1F00CE1D01 /* TaskList.app */,
				8E4536921C17BE2000CE1D01 /* TaskListTests.xctest */,
			);
			name = Products;
			sourceTree = "<group>";
		};
		8E4536781C17BE1F00CE1D01 /* TaskList */ = {
			isa = PBXGroup;
			children = (
				8E45367D1C17BE1F00CE1D01 /* AppDelegate.h */,
				8E45367E1C17BE1F00CE1D01 /* AppDelegate.m */,
				8E4536891C17BE1F00CE1D01 /* Images.xcassets */,
				8E4536801C17BE1F00CE1D01 /* TaskList.xcdatamodeld */,
				8E4536791C17BE1F00CE1D01 /* Supporting Files */,
				8E4536A21C17BEAB00CE1D01 /* TDMainStoryboard.storyboard */,
			);
			path = TaskList;
			sourceTree = "<group>";
		};
		8E4536791C17BE1F00CE1D01 /* Supporting Files */ = {
			isa = PBXGroup;
			children = (
				8E45367A1C17BE1F00CE1D01 /* Info.plist */,
				8E45367B1C17BE1F00CE1D01 /* main.m */,
			);
			name = "Supporting Files";
			sourceTree = "<group>";
		};
		8E4536951C17BE2000CE1D01 /* TaskListTests */ = {
			isa = PBXGroup;
			children = (
				8E4536981C17BE2000CE1D01 /* TaskListTests.m */,
				8E4536961C17BE2000CE1D01 /* Supporting Files */,
			);
			path = TaskListTests;
			sourceTree = "<group>";
		};
		8E4536961C17BE2000CE1D01 /* Supporting Files */ = {
			isa = PBXGroup;
			children = (
				8E4536971C17BE2000CE1D01 /* Info.plist */,
			);
			name = "Supporting Files";
			sourceTree = "<group>";
		};
/* End PBXGroup section */

/* Begin PBXNativeTarget section */
		8E4536751C17BE1F00CE1D01 /* TaskList */ = {
			isa = PBXNativeTarget;
			buildConfigurationList = 8E45369C1C17BE2000CE1D01 /* Build configuration list for PBXNativeTarget "TaskList" */;
			buildPhases = (
				8E4536721C17BE1F00CE1D01 /* Sources */,
				8E4536731C17BE1F00CE1D01 /* Frameworks */,
				8E4536741C17BE1F00CE1D01 /* Resources */,
			);
			buildRules = (
			);
			dependencies = (
			);
			name = TaskList;
			productName = TaskList;
			productReference = 8E4536761C17BE1F00CE1D01 /* TaskList.app */;
			productType = "com.apple.product-type.application";
		};
		8E4536911C17BE2000CE1D01 /* TaskListTests */ = {
			isa = PBXNativeTarget;
			buildConfigurationList = 8E45369F1C17BE2000CE1D01 /* Build configuration list for PBXNativeTarget "TaskListTests" */;
			buildPhases = (
				8E45368E1C17BE2000CE1D01 /* Sources */,
				8E45368F1C17BE2000CE1D01 /* Frameworks */,
				8E4536901C17BE2000CE1D01 /* Resources */,
			);
			buildRules = (
			);
			dependencies = (
				8E4536941C17BE2000CE1D01 /* PBXTargetDependency */,
			);
			name = TaskListTests;
			productName = TaskListTests;
			productReference = 8E4536921C17BE2000CE1D01 /* TaskListTests.xctest */;
			productType = "com.apple.product-type.bundle.unit-test";
		};
/* End PBXNativeTarget section */

/* Begin PBXProject section */
		8E45366E1C17BE1F00CE1D01 /* Project object */ = {
			isa = PBXProject;
			attributes = {
				LastUpgradeCheck = 0630;
				ORGANIZATIONNAME = "Team D";
				TargetAttributes = {
					8E4536751C17BE1F00CE1D01 = {
						CreatedOnToolsVersion = 6.3.1;
					};
					8E4536911C17BE2000CE1D01 = {
						CreatedOnToolsVersion = 6.3.1;
						TestTargetID = 8E4536751C17BE1F00CE1D01;
					};
				};
			};
			buildConfigurationList = 8E4536711C17BE1F00CE1D01 /* Build configuration list for PBXProject "TaskList" */;
			compatibilityVersion = "Xcode 3.2";
			developmentRegion = English;
			hasScannedForEncodings = 0;
			knownRegions = (
				en,
				Base,
			);
			mainGroup = 8E45366D1C17BE1F00CE1D01;
			productRefGroup = 8E4536771C17BE1F00CE1D01 /* Products */;
			projectDirPath = "";
			projectRoot = "";
			targets = (
				8E4536751C17BE1F00CE1D01 /* TaskList */,
				8E4536911C17BE2000CE1D01 /* TaskListTests */,
			);
		};
/* End PBXProject section */

/* Begin PBXResourcesBuildPhase section */
		8E4536741C17BE1F00CE1D01 /* Resources */ = {
			isa = PBXResourcesBuildPhase;
			buildActionMask = 2147483647;
			files = (
				8E4536A31C17BEAB00CE1D01 /* TDMainStoryboard.storyboard in Resources */,
				8E45368A1C17BE1F00CE1D01 /* Images.xcassets in Resources */,
			);
			runOnlyForDeploymentPostprocessing = 0;
		};
		8E4536901C17BE2000CE1D01 /* Resources */ = {
			isa = PBXResourcesBuildPhase;
			buildActionMask = 2147483647;
			files = (
			);
			runOnlyForDeploymentPostprocessing = 0;
		};
/* End PBXResourcesBuildPhase section */

/* Begin PBXSourcesBuildPhase section */
		8E4536721C17BE1F00CE1D01 /* Sources */ = {
			isa = PBXSourcesBuildPhase;
			buildActionMask = 2147483647;
			files = (
				8E4536821C17BE1F00CE1D01 /* TaskList.xcdatamodeld in Sources */,
				8E45367F1C17BE1F00CE1D01 /* AppDelegate.m in Sources */,
				8E45367C1C17BE1F00CE1D01 /* main.m in Sources */,
			);
			runOnlyForDeploymentPostprocessing = 0;
		};
		8E45368E1C17BE2000CE1D01 /* Sources */ = {
			isa = PBXSourcesBuildPhase;
			buildActionMask = 2147483647;
			files = (
				8E4536991C17BE2000CE1D01 /* TaskListTests.m in Sources */,
			);
			runOnlyForDeploymentPostprocessing = 0;
		};
/* End PBXSourcesBuildPhase section */

/* Begin PBXTargetDependency section */
		8E4536941C17BE2000CE1D01 /* PBXTargetDependency */ = {
			isa = PBXTargetDependency;
			target = 8E4536751C17BE1F00CE1D01 /* TaskList */;
			targetProxy = 8E4536931C17BE2000CE1D01 /* PBXContainerItemProxy */;
		};
/* End PBXTargetDependency section */

/* Begin XCBuildConfiguration section */
		8E45369A1C17BE2000CE1D01 /* Debug */ = {
			isa = XCBuildConfiguration;
			buildSettings = {
				ALWAYS_SEARCH_USER_PATHS = NO;
				CLANG_CXX_LANGUAGE_STANDARD = "gnu++0x";
				CLANG_CXX_LIBRARY = "libc++";
				CLANG_ENABLE_MODULES = YES;
				CLANG_ENABLE_OBJC_ARC = YES;
				CLANG_WARN_BOOL_CONVERSION = YES;
				CLANG_WARN_CONSTANT_CONVERSION = YES;
				CLANG_WARN_DIRECT_OBJC_ISA_USAGE = YES_ERROR;
				CLANG_WARN_EMPTY_BODY = YES;
				CLANG_WARN_ENUM_CONVERSION = YES;
				CLANG_WARN_INT_CONVERSION = YES;
				CLANG_WARN_OBJC_ROOT_CLASS = YES_ERROR;
				CLANG_WARN_UNREACHABLE_CODE = YES;
				CLANG_WARN__DUPLICATE_METHOD_MATCH = YES;
				"CODE_SIGN_IDENTITY[sdk=iphoneos*]" = "iPhone Developer";
				COPY_PHASE_STRIP = NO;
				DEBUG_INFORMATION_FORMAT = "dwarf-with-dsym";
				ENABLE_STRICT_OBJC_MSGSEND = YES;
				GCC_C_LANGUAGE_STANDARD = gnu99;
				GCC_DYNAMIC_NO_PIC = NO;
				GCC_NO_COMMON_BLOCKS = YES;
				GCC_OPTIMIZATION_LEVEL = 0;
				GCC_PREPROCESSOR_DEFINITIONS = (
					"DEBUG=1",
					"$(inherited)",
				);
				GCC_SYMBOLS_PRIVATE_EXTERN = NO;
				GCC_WARN_64_TO_32_BIT_CONVERSION = YES;
				GCC_WARN_ABOUT_RETURN_TYPE = YES_ERROR;
				GCC_WARN_UNDECLARED_SELECTOR = YES;
				GCC_WARN_UNINITIALIZED_AUTOS = YES_AGGRESSIVE;
				GCC_WARN_UNUSED_FUNCTION = YES;
				GCC_WARN_UNUSED_VARIABLE = YES;
				IPHONEOS_DEPLOYMENT_TARGET = 8.3;
				MTL_ENABLE_DEBUG_INFO = YES;
				ONLY_ACTIVE_ARCH = YES;
				SDKROOT = iphoneos;
			};
			name = Debug;
		};
		8E45369B1C17BE2000CE1D01 /* Release */ = {
			isa = XCBuildConfiguration;
			buildSettings = {
				ALWAYS_SEARCH_USER_PATHS = NO;
				CLANG_CXX_LANGUAGE_STANDARD = "gnu++0x";
				CLANG_CXX_LIBRARY = "libc++";
				CLANG_ENABLE_MODULES = YES;
				CLANG_ENABLE_OBJC_ARC = YES;
				CLANG_WARN_BOOL_CONVERSION = YES;
				CLANG_WARN_CONSTANT_CONVERSION = YES;
				CLANG_WARN_DIRECT_OBJC_ISA_USAGE = YES_ERROR;
				CLANG_WARN_EMPTY_BODY = YES;
				CLANG_WARN_ENUM_CONVERSION = YES;
				CLANG_WARN_INT_CONVERSION = YES;
				CLANG_WARN_OBJC_ROOT_CLASS = YES_ERROR;
				CLANG_WARN_UNREACHABLE_CODE = YES;
				CLANG_WARN__DUPLICATE_METHOD_MATCH = YES;
				"CODE_SIGN_IDENTITY[sdk=iphoneos*]" = "iPhone Developer";
				COPY_PHASE_STRIP = NO;
				DEBUG_INFORMATION_FORMAT = "dwarf-with-dsym";
				ENABLE_NS_ASSERTIONS = NO;
				ENABLE_STRICT_OBJC_MSGSEND = YES;
				GCC_C_LANGUAGE_STANDARD = gnu99;
				GCC_NO_COMMON_BLOCKS = YES;
				GCC_WARN_64_TO_32_BIT_CONVERSION = YES;
				GCC_WARN_ABOUT_RETURN_TYPE = YES_ERROR;
				GCC_WARN_UNDECLARED_SELECTOR = YES;
				GCC_WARN_UNINITIALIZED_AUTOS = YES_AGGRESSIVE;
				GCC_WARN_UNUSED_FUNCTION = YES;
				GCC_WARN_UNUSED_VARIABLE = YES;
				IPHONEOS_DEPLOYMENT_TARGET = 8.3;
				MTL_ENABLE_DEBUG_INFO = NO;
				SDKROOT = iphoneos;
				VALIDATE_PRODUCT = YES;
			};
			name = Release;
		};
		8E45369D1C17BE2000CE1D01 /* Debug */ = {
			isa = XCBuildConfiguration;
			buildSettings = {
				ASSETCATALOG_COMPILER_APPICON_NAME = AppIcon;
				INFOPLIST_FILE = TaskList/Info.plist;
				LD_RUNPATH_SEARCH_PATHS = "$(inherited) @executable_path/Frameworks";
				PRODUCT_NAME = "$(TARGET_NAME)";
			};
			name = Debug;
		};
		8E45369E1C17BE2000CE1D01 /* Release */ = {
			isa = XCBuildConfiguration;
			buildSettings = {
				ASSETCATALOG_COMPILER_APPICON_NAME = AppIcon;
				INFOPLIST_FILE = TaskList/Info.plist;
				LD_RUNPATH_SEARCH_PATHS = "$(inherited) @executable_path/Frameworks";
				PRODUCT_NAME = "$(TARGET_NAME)";
			};
			name = Release;
		};
		8E4536A01C17BE2000CE1D01 /* Debug */ = {
			isa = XCBuildConfiguration;
			buildSettings = {
				BUNDLE_LOADER = "$(TEST_HOST)";
				FRAMEWORK_SEARCH_PATHS = (
					"$(SDKROOT)/Developer/Library/Frameworks",
					"$(inherited)",
				);
				GCC_PREPROCESSOR_DEFINITIONS = (
					"DEBUG=1",
					"$(inherited)",
				);
				INFOPLIST_FILE = TaskListTests/Info.plist;
				LD_RUNPATH_SEARCH_PATHS = "$(inherited) @executable_path/Frameworks @loader_path/Frameworks";
				PRODUCT_NAME = "$(TARGET_NAME)";
				TEST_HOST = "$(BUILT_PRODUCTS_DIR)/TaskList.app/TaskList";
			};
			name = Debug;
		};
		8E4536A11C17BE2000CE1D01 /* Release */ = {
			isa = XCBuildConfiguration;
			buildSettings = {
				BUNDLE_LOADER = "$(TEST_HOST)";
				FRAMEWORK_SEARCH_PATHS = (
					"$(SDKROOT)/Developer/Library/Frameworks",
					"$(inherited)",
				);
				INFOPLIST_FILE = TaskListTests/Info.plist;
				LD_RUNPATH_SEARCH_PATHS = "$(inherited) @executable_path/Frameworks @loader_path/Frameworks";
				PRODUCT_NAME = "$(TARGET_NAME)";
				TEST_HOST = "$(BUILT_PRODUCTS_DIR)/TaskList.app/TaskList";
			};
			name = Release;
		};
/* End XCBuildConfiguration section */

/* Begin XCConfigurationList section */
		8E4536711C17BE1F00CE1D01 /* Build configuration list for PBXProject "TaskList" */ = {
			isa = XCConfigurationList;
			buildConfigurations = (
				8E45369A1C17BE2000CE1D01 /* Debug */,
				8E45369B1C17BE2000CE1D01 /* Release */,
			);
			defaultConfigurationIsVisible = 0;
			defaultConfigurationName = Release;
		};
		8E45369C1C17BE2000CE1D01 /* Build configuration list for PBXNativeTarget "TaskList" */ = {
			isa = XCConfigurationList;
			buildConfigurations = (
				8E45369D1C17BE2000CE1D01 /* Debug */,
				8E45369E1C17BE2000CE1D01 /* Release */,
			);
			defaultConfigurationIsVisible = 0;
		};
		8E45369F1C17BE2000CE1D01 /* Build configuration list for PBXNativeTarget "TaskListTests" */ = {
			isa = XCConfigurationList;
			buildConfigurations = (
				8E4536A01C17BE2000CE1D01 /* Debug */,
				8E4536A11C17BE2000CE1D01 /* Release */,
			);
			defaultConfigurationIsVisible = 0;
		};
/* End XCConfigurationList section */

/* Begin XCVersionGroup section */
		8E4536801C17BE1F00CE1D01 /* TaskList.xcdatamodeld */ = {
			isa = XCVersionGroup;
			children = (
				8E4536811C17BE1F00CE1D01 /* TaskList.xcdatamodel */,
			);
			currentVersion = 8E4536811C17BE1F00CE1D01 /* TaskList.xcdatamodel */;
			path = TaskList.xcdatamodeld;
			sourceTree = "<group>";
			versionGroupType = wrapper.xcdatamodel;
		};
/* End XCVersionGroup section */
	};
	rootObject = 8E45366E1C17BE1F00CE1D01 /* Project object */;
}
